// !$*UTF8*$!
{
	archiveVersion = 1;
	classes = {
	};
	objectVersion = 56;
	objects = {

/* Begin PBXBuildFile section */
		6E55671D2B11EEDF0032CD09 /* UserApp.swift in Sources */ = {isa = PBXBuildFile; fileRef = 6E55671C2B11EEDF0032CD09 /* UserApp.swift */; };
		6E55671F2B11EEDF0032CD09 /* ContentView.swift in Sources */ = {isa = PBXBuildFile; fileRef = 6E55671E2B11EEDF0032CD09 /* ContentView.swift */; };
		6E5567212B11EEE10032CD09 /* Assets.xcassets in Resources */ = {isa = PBXBuildFile; fileRef = 6E5567202B11EEE10032CD09 /* Assets.xcassets */; };
		6E5567242B11EEE10032CD09 /* Preview Assets.xcassets in Resources */ = {isa = PBXBuildFile; fileRef = 6E5567232B11EEE10032CD09 /* Preview Assets.xcassets */; };
		6E5567262B11EEE10032CD09 /* Persistence.swift in Sources */ = {isa = PBXBuildFile; fileRef = 6E5567252B11EEE10032CD09 /* Persistence.swift */; };
		6E5567292B11EEE10032CD09 /* User.xcdatamodeld in Sources */ = {isa = PBXBuildFile; fileRef = 6E5567272B11EEE10032CD09 /* User.xcdatamodeld */; };
		6E5567332B11EEE10032CD09 /* UserTests.swift in Sources */ = {isa = PBXBuildFile; fileRef = 6E5567322B11EEE10032CD09 /* UserTests.swift */; };
		6E55673D2B11EEE10032CD09 /* UserUITests.swift in Sources */ = {isa = PBXBuildFile; fileRef = 6E55673C2B11EEE10032CD09 /* UserUITests.swift */; };
		6E55673F2B11EEE10032CD09 /* UserUITestsLaunchTests.swift in Sources */ = {isa = PBXBuildFile; fileRef = 6E55673E2B11EEE10032CD09 /* UserUITestsLaunchTests.swift */; };
/* End PBXBuildFile section */

/* Begin PBXContainerItemProxy section */
		6E55672F2B11EEE10032CD09 /* PBXContainerItemProxy */ = {
			isa = PBXContainerItemProxy;
			containerPortal = 6E5567112B11EEDF0032CD09 /* Project object */;
			proxyType = 1;
			remoteGlobalIDString = 6E5567182B11EEDF0032CD09;
			remoteInfo = User;
		};
		6E5567392B11EEE10032CD09 /* PBXContainerItemProxy */ = {
			isa = PBXContainerItemProxy;
			containerPortal = 6E5567112B11EEDF0032CD09 /* Project object */;
			proxyType = 1;
			remoteGlobalIDString = 6E5567182B11EEDF0032CD09;
			remoteInfo = User;
		};
/* End PBXContainerItemProxy section */

/* Begin PBXFileReference section */
		6E5567192B11EEDF0032CD09 /* User.app */ = {isa = PBXFileReference; explicitFileType = wrapper.application; includeInIndex = 0; path = User.app; sourceTree = BUILT_PRODUCTS_DIR; };
		6E55671C2B11EEDF0032CD09 /* UserApp.swift */ = {isa = PBXFileReference; lastKnownFileType = sourcecode.swift; path = UserApp.swift; sourceTree = "<group>"; };
		6E55671E2B11EEDF0032CD09 /* ContentView.swift */ = {isa = PBXFileReference; lastKnownFileType = sourcecode.swift; path = ContentView.swift; sourceTree = "<group>"; };
		6E5567202B11EEE10032CD09 /* Assets.xcassets */ = {isa = PBXFileReference; lastKnownFileType = folder.assetcatalog; path = Assets.xcassets; sourceTree = "<group>"; };
		6E5567232B11EEE10032CD09 /* Preview Assets.xcassets */ = {isa = PBXFileReference; lastKnownFileType = folder.assetcatalog; path = "Preview Assets.xcassets"; sourceTree = "<group>"; };
		6E5567252B11EEE10032CD09 /* Persistence.swift */ = {isa = PBXFileReference; lastKnownFileType = sourcecode.swift; path = Persistence.swift; sourceTree = "<group>"; };
		6E5567282B11EEE10032CD09 /* User.xcdatamodel */ = {isa = PBXFileReference; lastKnownFileType = wrapper.xcdatamodel; path = User.xcdatamodel; sourceTree = "<group>"; };
		6E55672E2B11EEE10032CD09 /* UserTests.xctest */ = {isa = PBXFileReference; explicitFileType = wrapper.cfbundle; includeInIndex = 0; path = UserTests.xctest; sourceTree = BUILT_PRODUCTS_DIR; };
		6E5567322B11EEE10032CD09 /* UserTests.swift */ = {isa = PBXFileReference; lastKnownFileType = sourcecode.swift; path = UserTests.swift; sourceTree = "<group>"; };
		6E5567382B11EEE10032CD09 /* UserUITests.xctest */ = {isa = PBXFileReference; explicitFileType = wrapper.cfbundle; includeInIndex = 0; path = UserUITests.xctest; sourceTree = BUILT_PRODUCTS_DIR; };
		6E55673C2B11EEE10032CD09 /* UserUITests.swift */ = {isa = PBXFileReference; lastKnownFileType = sourcecode.swift; path = UserUITests.swift; sourceTree = "<group>"; };
		6E55673E2B11EEE10032CD09 /* UserUITestsLaunchTests.swift */ = {isa = PBXFileReference; lastKnownFileType = sourcecode.swift; path = UserUITestsLaunchTests.swift; sourceTree = "<group>"; };
/* End PBXFileReference section */

/* Begin PBXFrameworksBuildPhase section */
		6E5567162B11EEDF0032CD09 /* Frameworks */ = {
			isa = PBXFrameworksBuildPhase;
			buildActionMask = 2147483647;
			files = (
			);
			runOnlyForDeploymentPostprocessing = 0;
		};
		6E55672B2B11EEE10032CD09 /* Frameworks */ = {
			isa = PBXFrameworksBuildPhase;
			buildActionMask = 2147483647;
			files = (
			);
			runOnlyForDeploymentPostprocessing = 0;
		};
		6E5567352B11EEE10032CD09 /* Frameworks */ = {
			isa = PBXFrameworksBuildPhase;
			buildActionMask = 2147483647;
			files = (
			);
			runOnlyForDeploymentPostprocessing = 0;
		};
/* End PBXFrameworksBuildPhase section */

/* Begin PBXGroup section */
		6E5567102B11EEDF0032CD09 = {
			isa = PBXGroup;
			children = (
				6E55671B2B11EEDF0032CD09 /* User */,
				6E5567312B11EEE10032CD09 /* UserTests */,
				6E55673B2B11EEE10032CD09 /* UserUITests */,
				6E55671A2B11EEDF0032CD09 /* Products */,
			);
			sourceTree = "<group>";
		};
		6E55671A2B11EEDF0032CD09 /* Products */ = {
			isa = PBXGroup;
			children = (
				6E5567192B11EEDF0032CD09 /* User.app */,
				6E55672E2B11EEE10032CD09 /* UserTests.xctest */,
				6E5567382B11EEE10032CD09 /* UserUITests.xctest */,
			);
			name = Products;
			sourceTree = "<group>";
		};
		6E55671B2B11EEDF0032CD09 /* User */ = {
			isa = PBXGroup;
			children = (
				6E55671C2B11EEDF0032CD09 /* UserApp.swift */,
				6E55671E2B11EEDF0032CD09 /* ContentView.swift */,
				6E5567202B11EEE10032CD09 /* Assets.xcassets */,
				6E5567252B11EEE10032CD09 /* Persistence.swift */,
				6E5567272B11EEE10032CD09 /* User.xcdatamodeld */,
				6E5567222B11EEE10032CD09 /* Preview Content */,
			);
			path = User;
			sourceTree = "<group>";
		};
		6E5567222B11EEE10032CD09 /* Preview Content */ = {
			isa = PBXGroup;
			children = (
				6E5567232B11EEE10032CD09 /* Preview Assets.xcassets */,
			);
			path = "Preview Content";
			sourceTree = "<group>";
		};
		6E5567312B11EEE10032CD09 /* UserTests */ = {
			isa = PBXGroup;
			children = (
				6E5567322B11EEE10032CD09 /* UserTests.swift */,
			);
			path = UserTests;
			sourceTree = "<group>";
		};
		6E55673B2B11EEE10032CD09 /* UserUITests */ = {
			isa = PBXGroup;
			children = (
				6E55673C2B11EEE10032CD09 /* UserUITests.swift */,
				6E55673E2B11EEE10032CD09 /* UserUITestsLaunchTests.swift */,
			);
			path = UserUITests;
			sourceTree = "<group>";
		};
/* End PBXGroup section */

/* Begin PBXNativeTarget section */
		6E5567182B11EEDF0032CD09 /* User */ = {
			isa = PBXNativeTarget;
			buildConfigurationList = 6E5567422B11EEE10032CD09 /* Build configuration list for PBXNativeTarget "User" */;
			buildPhases = (
				6E5567152B11EEDF0032CD09 /* Sources */,
				6E5567162B11EEDF0032CD09 /* Frameworks */,
				6E5567172B11EEDF0032CD09 /* Resources */,
			);
			buildRules = (
			);
			dependencies = (
			);
			name = User;
			productName = User;
			productReference = 6E5567192B11EEDF0032CD09 /* User.app */;
			productType = "com.apple.product-type.application";
		};
		6E55672D2B11EEE10032CD09 /* UserTests */ = {
			isa = PBXNativeTarget;
			buildConfigurationList = 6E5567452B11EEE10032CD09 /* Build configuration list for PBXNativeTarget "UserTests" */;
			buildPhases = (
				6E55672A2B11EEE10032CD09 /* Sources */,
				6E55672B2B11EEE10032CD09 /* Frameworks */,
				6E55672C2B11EEE10032CD09 /* Resources */,
			);
			buildRules = (
			);
			dependencies = (
				6E5567302B11EEE10032CD09 /* PBXTargetDependency */,
			);
			name = UserTests;
			productName = UserTests;
			productReference = 6E55672E2B11EEE10032CD09 /* UserTests.xctest */;
			productType = "com.apple.product-type.bundle.unit-test";
		};
		6E5567372B11EEE10032CD09 /* UserUITests */ = {
			isa = PBXNativeTarget;
			buildConfigurationList = 6E5567482B11EEE10032CD09 /* Build configuration list for PBXNativeTarget "UserUITests" */;
			buildPhases = (
				6E5567342B11EEE10032CD09 /* Sources */,
				6E5567352B11EEE10032CD09 /* Frameworks */,
				6E5567362B11EEE10032CD09 /* Resources */,
			);
			buildRules = (
			);
			dependencies = (
				6E55673A2B11EEE10032CD09 /* PBXTargetDependency */,
			);
			name = UserUITests;
			productName = UserUITests;
			productReference = 6E5567382B11EEE10032CD09 /* UserUITests.xctest */;
			productType = "com.apple.product-type.bundle.ui-testing";
		};
/* End PBXNativeTarget section */

/* Begin PBXProject section */
		6E5567112B11EEDF0032CD09 /* Project object */ = {
			isa = PBXProject;
			attributes = {
				BuildIndependentTargetsInParallel = 1;
				LastSwiftUpdateCheck = 1410;
				LastUpgradeCheck = 1410;
				TargetAttributes = {
					6E5567182B11EEDF0032CD09 = {
						CreatedOnToolsVersion = 14.1;
					};
					6E55672D2B11EEE10032CD09 = {
						CreatedOnToolsVersion = 14.1;
						TestTargetID = 6E5567182B11EEDF0032CD09;
					};
					6E5567372B11EEE10032CD09 = {
						CreatedOnToolsVersion = 14.1;
						TestTargetID = 6E5567182B11EEDF0032CD09;
					};
				};
			};
			buildConfigurationList = 6E5567142B11EEDF0032CD09 /* Build configuration list for PBXProject "User" */;
			compatibilityVersion = "Xcode 14.0";
			developmentRegion = en;
			hasScannedForEncodings = 0;
			knownRegions = (
				en,
				Base,
			);
			mainGroup = 6E5567102B11EEDF0032CD09;
			productRefGroup = 6E55671A2B11EEDF0032CD09 /* Products */;
			projectDirPath = "";
			projectRoot = "";
			targets = (
				6E5567182B11EEDF0032CD09 /* User */,
				6E55672D2B11EEE10032CD09 /* UserTests */,
				6E5567372B11EEE10032CD09 /* UserUITests */,
			);
		};
/* End PBXProject section */

/* Begin PBXResourcesBuildPhase section */
		6E5567172B11EEDF0032CD09 /* Resources */ = {
			isa = PBXResourcesBuildPhase;
			buildActionMask = 2147483647;
			files = (
				6E5567242B11EEE10032CD09 /* Preview Assets.xcassets in Resources */,
				6E5567212B11EEE10032CD09 /* Assets.xcassets in Resources */,
			);
			runOnlyForDeploymentPostprocessing = 0;
		};
		6E55672C2B11EEE10032CD09 /* Resources */ = {
			isa = PBXResourcesBuildPhase;
			buildActionMask = 2147483647;
			files = (
			);
			runOnlyForDeploymentPostprocessing = 0;
		};
		6E5567362B11EEE10032CD09 /* Resources */ = {
			isa = PBXResourcesBuildPhase;
			buildActionMask = 2147483647;
			files = (
			);
			runOnlyForDeploymentPostprocessing = 0;
		};
/* End PBXResourcesBuildPhase section */

/* Begin PBXSourcesBuildPhase section */
		6E5567152B11EEDF0032CD09 /* Sources */ = {
			isa = PBXSourcesBuildPhase;
			buildActionMask = 2147483647;
			files = (
				6E5567292B11EEE10032CD09 /* User.xcdatamodeld in Sources */,
				6E5567262B11EEE10032CD09 /* Persistence.swift in Sources */,
				6E55671F2B11EEDF0032CD09 /* ContentView.swift in Sources */,
				6E55671D2B11EEDF0032CD09 /* UserApp.swift in Sources */,
			);
			runOnlyForDeploymentPostprocessing = 0;
		};
		6E55672A2B11EEE10032CD09 /* Sources */ = {
			isa = PBXSourcesBuildPhase;
			buildActionMask = 2147483647;
			files = (
				6E5567332B11EEE10032CD09 /* UserTests.swift in Sources */,
			);
			runOnlyForDeploymentPostprocessing = 0;
		};
		6E5567342B11EEE10032CD09 /* Sources */ = {
			isa = PBXSourcesBuildPhase;
			buildActionMask = 2147483647;
			files = (
				6E55673D2B11EEE10032CD09 /* UserUITests.swift in Sources */,
				6E55673F2B11EEE10032CD09 /* UserUITestsLaunchTests.swift in Sources */,
			);
			runOnlyForDeploymentPostprocessing = 0;
		};
/* End PBXSourcesBuildPhase section */

/* Begin PBXTargetDependency section */
		6E5567302B11EEE10032CD09 /* PBXTargetDependency */ = {
			isa = PBXTargetDependency;
			target = 6E5567182B11EEDF0032CD09 /* User */;
			targetProxy = 6E55672F2B11EEE10032CD09 /* PBXContainerItemProxy */;
		};
		6E55673A2B11EEE10032CD09 /* PBXTargetDependency */ = {
			isa = PBXTargetDependency;
			target = 6E5567182B11EEDF0032CD09 /* User */;
			targetProxy = 6E5567392B11EEE10032CD09 /* PBXContainerItemProxy */;
		};
/* End PBXTargetDependency section */

/* Begin XCBuildConfiguration section */
		6E5567402B11EEE10032CD09 /* Debug */ = {
			isa = XCBuildConfiguration;
			buildSettings = {
				ALWAYS_SEARCH_USER_PATHS = NO;
				CLANG_ANALYZER_NONNULL = YES;
				CLANG_ANALYZER_NUMBER_OBJECT_CONVERSION = YES_AGGRESSIVE;
				CLANG_CXX_LANGUAGE_STANDARD = "gnu++20";
				CLANG_ENABLE_MODULES = YES;
				CLANG_ENABLE_OBJC_ARC = YES;
				CLANG_ENABLE_OBJC_WEAK = YES;
				CLANG_WARN_BLOCK_CAPTURE_AUTORELEASING = YES;
				CLANG_WARN_BOOL_CONVERSION = YES;
				CLANG_WARN_COMMA = YES;
				CLANG_WARN_CONSTANT_CONVERSION = YES;
				CLANG_WARN_DEPRECATED_OBJC_IMPLEMENTATIONS = YES;
				CLANG_WARN_DIRECT_OBJC_ISA_USAGE = YES_ERROR;
				CLANG_WARN_DOCUMENTATION_COMMENTS = YES;
				CLANG_WARN_EMPTY_BODY = YES;
				CLANG_WARN_ENUM_CONVERSION = YES;
				CLANG_WARN_INFINITE_RECURSION = YES;
				CLANG_WARN_INT_CONVERSION = YES;
				CLANG_WARN_NON_LITERAL_NULL_CONVERSION = YES;
				CLANG_WARN_OBJC_IMPLICIT_RETAIN_SELF = YES;
				CLANG_WARN_OBJC_LITERAL_CONVERSION = YES;
				CLANG_WARN_OBJC_ROOT_CLASS = YES_ERROR;
				CLANG_WARN_QUOTED_INCLUDE_IN_FRAMEWORK_HEADER = YES;
				CLANG_WARN_RANGE_LOOP_ANALYSIS = YES;
				CLANG_WARN_STRICT_PROTOTYPES = YES;
				CLANG_WARN_SUSPICIOUS_MOVE = YES;
				CLANG_WARN_UNGUARDED_AVAILABILITY = YES_AGGRESSIVE;
				CLANG_WARN_UNREACHABLE_CODE = YES;
				CLANG_WARN__DUPLICATE_METHOD_MATCH = YES;
				COPY_PHASE_STRIP = NO;
				DEBUG_INFORMATION_FORMAT = dwarf;
				ENABLE_STRICT_OBJC_MSGSEND = YES;
				ENABLE_TESTABILITY = YES;
				GCC_C_LANGUAGE_STANDARD = gnu11;
				GCC_DYNAMIC_NO_PIC = NO;
				GCC_NO_COMMON_BLOCKS = YES;
				GCC_OPTIMIZATION_LEVEL = 0;
				GCC_PREPROCESSOR_DEFINITIONS = (
					"DEBUG=1",
					"$(inherited)",
				);
				GCC_WARN_64_TO_32_BIT_CONVERSION = YES;
				GCC_WARN_ABOUT_RETURN_TYPE = YES_ERROR;
				GCC_WARN_UNDECLARED_SELECTOR = YES;
				GCC_WARN_UNINITIALIZED_AUTOS = YES_AGGRESSIVE;
				GCC_WARN_UNUSED_FUNCTION = YES;
				GCC_WARN_UNUSED_VARIABLE = YES;
				IPHONEOS_DEPLOYMENT_TARGET = 16.1;
				MTL_ENABLE_DEBUG_INFO = INCLUDE_SOURCE;
				MTL_FAST_MATH = YES;
				ONLY_ACTIVE_ARCH = YES;
				SDKROOT = iphoneos;
				SWIFT_ACTIVE_COMPILATION_CONDITIONS = DEBUG;
				SWIFT_OPTIMIZATION_LEVEL = "-Onone";
			};
			name = Debug;
		};
		6E5567412B11EEE10032CD09 /* Release */ = {
			isa = XCBuildConfiguration;
			buildSettings = {
				ALWAYS_SEARCH_USER_PATHS = NO;
				CLANG_ANALYZER_NONNULL = YES;
				CLANG_ANALYZER_NUMBER_OBJECT_CONVERSION = YES_AGGRESSIVE;
				CLANG_CXX_LANGUAGE_STANDARD = "gnu++20";
				CLANG_ENABLE_MODULES = YES;
				CLANG_ENABLE_OBJC_ARC = YES;
				CLANG_ENABLE_OBJC_WEAK = YES;
				CLANG_WARN_BLOCK_CAPTURE_AUTORELEASING = YES;
				CLANG_WARN_BOOL_CONVERSION = YES;
				CLANG_WARN_COMMA = YES;
				CLANG_WARN_CONSTANT_CONVERSION = YES;
				CLANG_WARN_DEPRECATED_OBJC_IMPLEMENTATIONS = YES;
				CLANG_WARN_DIRECT_OBJC_ISA_USAGE = YES_ERROR;
				CLANG_WARN_DOCUMENTATION_COMMENTS = YES;
				CLANG_WARN_EMPTY_BODY = YES;
				CLANG_WARN_ENUM_CONVERSION = YES;
				CLANG_WARN_INFINITE_RECURSION = YES;
				CLANG_WARN_INT_CONVERSION = YES;
				CLANG_WARN_NON_LITERAL_NULL_CONVERSION = YES;
				CLANG_WARN_OBJC_IMPLICIT_RETAIN_SELF = YES;
				CLANG_WARN_OBJC_LITERAL_CONVERSION = YES;
				CLANG_WARN_OBJC_ROOT_CLASS = YES_ERROR;
				CLANG_WARN_QUOTED_INCLUDE_IN_FRAMEWORK_HEADER = YES;
				CLANG_WARN_RANGE_LOOP_ANALYSIS = YES;
				CLANG_WARN_STRICT_PROTOTYPES = YES;
				CLANG_WARN_SUSPICIOUS_MOVE = YES;
				CLANG_WARN_UNGUARDED_AVAILABILITY = YES_AGGRESSIVE;
				CLANG_WARN_UNREACHABLE_CODE = YES;
				CLANG_WARN__DUPLICATE_METHOD_MATCH = YES;
				COPY_PHASE_STRIP = NO;
				DEBUG_INFORMATION_FORMAT = "dwarf-with-dsym";
				ENABLE_NS_ASSERTIONS = NO;
				ENABLE_STRICT_OBJC_MSGSEND = YES;
				GCC_C_LANGUAGE_STANDARD = gnu11;
				GCC_NO_COMMON_BLOCKS = YES;
				GCC_WARN_64_TO_32_BIT_CONVERSION = YES;
				GCC_WARN_ABOUT_RETURN_TYPE = YES_ERROR;
				GCC_WARN_UNDECLARED_SELECTOR = YES;
				GCC_WARN_UNINITIALIZED_AUTOS = YES_AGGRESSIVE;
				GCC_WARN_UNUSED_FUNCTION = YES;
				GCC_WARN_UNUSED_VARIABLE = YES;
				IPHONEOS_DEPLOYMENT_TARGET = 16.1;
				MTL_ENABLE_DEBUG_INFO = NO;
				MTL_FAST_MATH = YES;
				SDKROOT = iphoneos;
				SWIFT_COMPILATION_MODE = wholemodule;
				SWIFT_OPTIMIZATION_LEVEL = "-O";
				VALIDATE_PRODUCT = YES;
			};
			name = Release;
		};
		6E5567432B11EEE10032CD09 /* Debug */ = {
			isa = XCBuildConfiguration;
			buildSettings = {
				ASSETCATALOG_COMPILER_APPICON_NAME = AppIcon;
				ASSETCATALOG_COMPILER_GLOBAL_ACCENT_COLOR_NAME = AccentColor;
				CODE_SIGN_STYLE = Automatic;
				CURRENT_PROJECT_VERSION = 1;
				DEVELOPMENT_ASSET_PATHS = "\"User/Preview Content\"";
				ENABLE_PREVIEWS = YES;
				GENERATE_INFOPLIST_FILE = YES;
				INFOPLIST_KEY_UIApplicationSceneManifest_Generation = YES;
				INFOPLIST_KEY_UIApplicationSupportsIndirectInputEvents = YES;
				INFOPLIST_KEY_UILaunchScreen_Generation = YES;
				INFOPLIST_KEY_UISupportedInterfaceOrientations_iPad = "UIInterfaceOrientationPortrait UIInterfaceOrientationPortraitUpsideDown UIInterfaceOrientationLandscapeLeft UIInterfaceOrientationLandscapeRight";
				INFOPLIST_KEY_UISupportedInterfaceOrientations_iPhone = "UIInterfaceOrientationPortrait UIInterfaceOrientationLandscapeLeft UIInterfaceOrientationLandscapeRight";
				LD_RUNPATH_SEARCH_PATHS = (
					"$(inherited)",
					"@executable_path/Frameworks",
				);
				MARKETING_VERSION = 1.0;
				PRODUCT_BUNDLE_IDENTIFIER = esprit.tn.User;
				PRODUCT_NAME = "$(TARGET_NAME)";
				SWIFT_EMIT_LOC_STRINGS = YES;
				SWIFT_VERSION = 5.0;
				TARGETED_DEVICE_FAMILY = "1,2";
			};
			name = Debug;
		};
		6E5567442B11EEE10032CD09 /* Release */ = {
			isa = XCBuildConfiguration;
			buildSettings = {
				ASSETCATALOG_COMPILER_APPICON_NAME = AppIcon;
				ASSETCATALOG_COMPILER_GLOBAL_ACCENT_COLOR_NAME = AccentColor;
				CODE_SIGN_STYLE = Automatic;
				CURRENT_PROJECT_VERSION = 1;
				DEVELOPMENT_ASSET_PATHS = "\"User/Preview Content\"";
				ENABLE_PREVIEWS = YES;
				GENERATE_INFOPLIST_FILE = YES;
				INFOPLIST_KEY_UIApplicationSceneManifest_Generation = YES;
				INFOPLIST_KEY_UIApplicationSupportsIndirectInputEvents = YES;
				INFOPLIST_KEY_UILaunchScreen_Generation = YES;
				INFOPLIST_KEY_UISupportedInterfaceOrientations_iPad = "UIInterfaceOrientationPortrait UIInterfaceOrientationPortraitUpsideDown UIInterfaceOrientationLandscapeLeft UIInterfaceOrientationLandscapeRight";
				INFOPLIST_KEY_UISupportedInterfaceOrientations_iPhone = "UIInterfaceOrientationPortrait UIInterfaceOrientationLandscapeLeft UIInterfaceOrientationLandscapeRight";
				LD_RUNPATH_SEARCH_PATHS = (
					"$(inherited)",
					"@executable_path/Frameworks",
				);
				MARKETING_VERSION = 1.0;
				PRODUCT_BUNDLE_IDENTIFIER = esprit.tn.User;
				PRODUCT_NAME = "$(TARGET_NAME)";
				SWIFT_EMIT_LOC_STRINGS = YES;
				SWIFT_VERSION = 5.0;
				TARGETED_DEVICE_FAMILY = "1,2";
			};
			name = Release;
		};
		6E5567462B11EEE10032CD09 /* Debug */ = {
			isa = XCBuildConfiguration;
			buildSettings = {
				ALWAYS_EMBED_SWIFT_STANDARD_LIBRARIES = YES;
				BUNDLE_LOADER = "$(TEST_HOST)";
				CODE_SIGN_STYLE = Automatic;
				CURRENT_PROJECT_VERSION = 1;
				GENERATE_INFOPLIST_FILE = YES;
				IPHONEOS_DEPLOYMENT_TARGET = 16.1;
				MARKETING_VERSION = 1.0;
				PRODUCT_BUNDLE_IDENTIFIER = esprit.tn.UserTests;
				PRODUCT_NAME = "$(TARGET_NAME)";
				SWIFT_EMIT_LOC_STRINGS = NO;
				SWIFT_VERSION = 5.0;
				TARGETED_DEVICE_FAMILY = "1,2";
				TEST_HOST = "$(BUILT_PRODUCTS_DIR)/User.app/$(BUNDLE_EXECUTABLE_FOLDER_PATH)/User";
			};
			name = Debug;
		};
		6E5567472B11EEE10032CD09 /* Release */ = {
			isa = XCBuildConfiguration;
			buildSettings = {
				ALWAYS_EMBED_SWIFT_STANDARD_LIBRARIES = YES;
				BUNDLE_LOADER = "$(TEST_HOST)";
				CODE_SIGN_STYLE = Automatic;
				CURRENT_PROJECT_VERSION = 1;
				GENERATE_INFOPLIST_FILE = YES;
				IPHONEOS_DEPLOYMENT_TARGET = 16.1;
				MARKETING_VERSION = 1.0;
				PRODUCT_BUNDLE_IDENTIFIER = esprit.tn.UserTests;
				PRODUCT_NAME = "$(TARGET_NAME)";
				SWIFT_EMIT_LOC_STRINGS = NO;
				SWIFT_VERSION = 5.0;
				TARGETED_DEVICE_FAMILY = "1,2";
				TEST_HOST = "$(BUILT_PRODUCTS_DIR)/User.app/$(BUNDLE_EXECUTABLE_FOLDER_PATH)/User";
			};
			name = Release;
		};
		6E5567492B11EEE10032CD09 /* Debug */ = {
			isa = XCBuildConfiguration;
			buildSettings = {
				ALWAYS_EMBED_SWIFT_STANDARD_LIBRARIES = YES;
				CODE_SIGN_STYLE = Automatic;
				CURRENT_PROJECT_VERSION = 1;
				GENERATE_INFOPLIST_FILE = YES;
				MARKETING_VERSION = 1.0;
				PRODUCT_BUNDLE_IDENTIFIER = esprit.tn.UserUITests;
				PRODUCT_NAME = "$(TARGET_NAME)";
				SWIFT_EMIT_LOC_STRINGS = NO;
				SWIFT_VERSION = 5.0;
				TARGETED_DEVICE_FAMILY = "1,2";
				TEST_TARGET_NAME = User;
			};
			name = Debug;
		};
		6E55674A2B11EEE10032CD09 /* Release */ = {
			isa = XCBuildConfiguration;
			buildSettings = {
				ALWAYS_EMBED_SWIFT_STANDARD_LIBRARIES = YES;
				CODE_SIGN_STYLE = Automatic;
				CURRENT_PROJECT_VERSION = 1;
				GENERATE_INFOPLIST_FILE = YES;
				MARKETING_VERSION = 1.0;
				PRODUCT_BUNDLE_IDENTIFIER = esprit.tn.UserUITests;
				PRODUCT_NAME = "$(TARGET_NAME)";
				SWIFT_EMIT_LOC_STRINGS = NO;
				SWIFT_VERSION = 5.0;
				TARGETED_DEVICE_FAMILY = "1,2";
				TEST_TARGET_NAME = User;
			};
			name = Release;
		};
/* End XCBuildConfiguration section */

/* Begin XCConfigurationList section */
		6E5567142B11EEDF0032CD09 /* Build configuration list for PBXProject "User" */ = {
			isa = XCConfigurationList;
			buildConfigurations = (
				6E5567402B11EEE10032CD09 /* Debug */,
				6E5567412B11EEE10032CD09 /* Release */,
			);
			defaultConfigurationIsVisible = 0;
			defaultConfigurationName = Release;
		};
		6E5567422B11EEE10032CD09 /* Build configuration list for PBXNativeTarget "User" */ = {
			isa = XCConfigurationList;
			buildConfigurations = (
				6E5567432B11EEE10032CD09 /* Debug */,
				6E5567442B11EEE10032CD09 /* Release */,
			);
			defaultConfigurationIsVisible = 0;
			defaultConfigurationName = Release;
		};
		6E5567452B11EEE10032CD09 /* Build configuration list for PBXNativeTarget "UserTests" */ = {
			isa = XCConfigurationList;
			buildConfigurations = (
				6E5567462B11EEE10032CD09 /* Debug */,
				6E5567472B11EEE10032CD09 /* Release */,
			);
			defaultConfigurationIsVisible = 0;
			defaultConfigurationName = Release;
		};
		6E5567482B11EEE10032CD09 /* Build configuration list for PBXNativeTarget "UserUITests" */ = {
			isa = XCConfigurationList;
			buildConfigurations = (
				6E5567492B11EEE10032CD09 /* Debug */,
				6E55674A2B11EEE10032CD09 /* Release */,
			);
			defaultConfigurationIsVisible = 0;
			defaultConfigurationName = Release;
		};
/* End XCConfigurationList section */

/* Begin XCVersionGroup section */
		6E5567272B11EEE10032CD09 /* User.xcdatamodeld */ = {
			isa = XCVersionGroup;
			children = (
				6E5567282B11EEE10032CD09 /* User.xcdatamodel */,
			);
			currentVersion = 6E5567282B11EEE10032CD09 /* User.xcdatamodel */;
			path = User.xcdatamodeld;
			sourceTree = "<group>";
			versionGroupType = wrapper.xcdatamodel;
		};
/* End XCVersionGroup section */
	};
	rootObject = 6E5567112B11EEDF0032CD09 /* Project object */;
}
