// !$*UTF8*$!
{
	archiveVersion = 1;
	classes = {
	};
	objectVersion = 56;
	objects = {

/* Begin PBXBuildFile section */
		6E1E95F72B150795007CA401 /* ChangePassword.swift in Sources */ = {isa = PBXBuildFile; fileRef = 6E1E95F62B150795007CA401 /* ChangePassword.swift */; };
		6E44C5012B17289F0081E8E5 /* CameraView.swift in Sources */ = {isa = PBXBuildFile; fileRef = 6E44C5002B17289F0081E8E5 /* CameraView.swift */; };
		6E44C5032B1728C80081E8E5 /* FavouritesView.swift in Sources */ = {isa = PBXBuildFile; fileRef = 6E44C5022B1728C80081E8E5 /* FavouritesView.swift */; };
		6E44C5062B174F7B0081E8E5 /* empty.swift in Sources */ = {isa = PBXBuildFile; fileRef = 6E44C5052B174F7B0081E8E5 /* empty.swift */; };
		6E5566E12B11EAEC0032CD09 /* UserApp.swift in Sources */ = {isa = PBXBuildFile; fileRef = 6E5566E02B11EAEC0032CD09 /* UserApp.swift */; };
		6E5566E32B11EAEC0032CD09 /* ContentView.swift in Sources */ = {isa = PBXBuildFile; fileRef = 6E5566E22B11EAEC0032CD09 /* ContentView.swift */; };
		6E5566E52B11EAEE0032CD09 /* Assets.xcassets in Resources */ = {isa = PBXBuildFile; fileRef = 6E5566E42B11EAEE0032CD09 /* Assets.xcassets */; };
		6E5566E82B11EAEE0032CD09 /* Preview Assets.xcassets in Resources */ = {isa = PBXBuildFile; fileRef = 6E5566E72B11EAEE0032CD09 /* Preview Assets.xcassets */; };
		6E5566EA2B11EAEE0032CD09 /* Persistence.swift in Sources */ = {isa = PBXBuildFile; fileRef = 6E5566E92B11EAEE0032CD09 /* Persistence.swift */; };
		6E5566ED2B11EAEE0032CD09 /* User.xcdatamodeld in Sources */ = {isa = PBXBuildFile; fileRef = 6E5566EB2B11EAEE0032CD09 /* User.xcdatamodeld */; };
		6E5566F82B11EAEE0032CD09 /* UserTests.swift in Sources */ = {isa = PBXBuildFile; fileRef = 6E5566F72B11EAEE0032CD09 /* UserTests.swift */; };
		6E5567022B11EAEE0032CD09 /* UserUITests.swift in Sources */ = {isa = PBXBuildFile; fileRef = 6E5567012B11EAEE0032CD09 /* UserUITests.swift */; };
		6E5567042B11EAEE0032CD09 /* UserUITestsLaunchTests.swift in Sources */ = {isa = PBXBuildFile; fileRef = 6E5567032B11EAEE0032CD09 /* UserUITestsLaunchTests.swift */; };
		6E55674D2B11F26C0032CD09 /* Login.swift in Sources */ = {isa = PBXBuildFile; fileRef = 6E55674C2B11F26C0032CD09 /* Login.swift */; };
		6E5567502B11F5A20032CD09 /* ViewExtensions.swift in Sources */ = {isa = PBXBuildFile; fileRef = 6E55674F2B11F5A20032CD09 /* ViewExtensions.swift */; };
		6E5567522B11FA990032CD09 /* CustomTF.swift in Sources */ = {isa = PBXBuildFile; fileRef = 6E5567512B11FA990032CD09 /* CustomTF.swift */; };
		6E5567542B1207D40032CD09 /* GradiantButton.swift in Sources */ = {isa = PBXBuildFile; fileRef = 6E5567532B1207D40032CD09 /* GradiantButton.swift */; };
		6E5567562B121CE60032CD09 /* Signup.swift in Sources */ = {isa = PBXBuildFile; fileRef = 6E5567552B121CE60032CD09 /* Signup.swift */; };
		6E5567582B1223B70032CD09 /* ForgotPassword.swift in Sources */ = {isa = PBXBuildFile; fileRef = 6E5567572B1223B70032CD09 /* ForgotPassword.swift */; };
		6E55675A2B122E450032CD09 /* PasswordResetView.swift in Sources */ = {isa = PBXBuildFile; fileRef = 6E5567592B122E450032CD09 /* PasswordResetView.swift */; };
		6E55675C2B12310D0032CD09 /* OTPView.swift in Sources */ = {isa = PBXBuildFile; fileRef = 6E55675B2B12310D0032CD09 /* OTPView.swift */; };
		6E5567A02B1257F60032CD09 /* OTPVerificationView.swift in Sources */ = {isa = PBXBuildFile; fileRef = 6E55679F2B1257F60032CD09 /* OTPVerificationView.swift */; };
		6E5567A22B133BB20032CD09 /* HomePage.swift in Sources */ = {isa = PBXBuildFile; fileRef = 6E5567A12B133BB20032CD09 /* HomePage.swift */; };
		6E5567A72B13409A0032CD09 /* CustomTabBar.swift in Sources */ = {isa = PBXBuildFile; fileRef = 6E5567A62B13409A0032CD09 /* CustomTabBar.swift */; };
		6E5567A92B1348970032CD09 /* TabCurve.swift in Sources */ = {isa = PBXBuildFile; fileRef = 6E5567A82B1348970032CD09 /* TabCurve.swift */; };
		6E5567AB2B13656A0032CD09 /* ProfileView.swift in Sources */ = {isa = PBXBuildFile; fileRef = 6E5567AA2B13656A0032CD09 /* ProfileView.swift */; };
		6E5567AD2B1372AA0032CD09 /* HouseView.swift in Sources */ = {isa = PBXBuildFile; fileRef = 6E5567AC2B1372AA0032CD09 /* HouseView.swift */; };
		6E5567AF2B137F3A0032CD09 /* SettingsRowView.swift in Sources */ = {isa = PBXBuildFile; fileRef = 6E5567AE2B137F3A0032CD09 /* SettingsRowView.swift */; };
		6E5567B22B13AF6B0032CD09 /* User.swift in Sources */ = {isa = PBXBuildFile; fileRef = 6E5567B12B13AF6B0032CD09 /* User.swift */; };
		6E5567B52B13B2080032CD09 /* AuthService.swift in Sources */ = {isa = PBXBuildFile; fileRef = 6E5567B42B13B2080032CD09 /* AuthService.swift */; };
		6E5567B72B13D4260032CD09 /* LoginResponse.swift in Sources */ = {isa = PBXBuildFile; fileRef = 6E5567B62B13D4260032CD09 /* LoginResponse.swift */; };
		9EB1A9DE2B14ED1F00159AC6 /* UserDetails.swift in Sources */ = {isa = PBXBuildFile; fileRef = 9EB1A9DD2B14ED1F00159AC6 /* UserDetails.swift */; };
		9EB1A9E02B14F3D400159AC6 /* EditProfile.swift in Sources */ = {isa = PBXBuildFile; fileRef = 9EB1A9DF2B14F3D400159AC6 /* EditProfile.swift */; };
/* End PBXBuildFile section */

/* Begin PBXContainerItemProxy section */
		6E5566F42B11EAEE0032CD09 /* PBXContainerItemProxy */ = {
			isa = PBXContainerItemProxy;
			containerPortal = 6E5566D52B11EAEC0032CD09 /* Project object */;
			proxyType = 1;
			remoteGlobalIDString = 6E5566DC2B11EAEC0032CD09;
			remoteInfo = User;
		};
		6E5566FE2B11EAEE0032CD09 /* PBXContainerItemProxy */ = {
			isa = PBXContainerItemProxy;
			containerPortal = 6E5566D52B11EAEC0032CD09 /* Project object */;
			proxyType = 1;
			remoteGlobalIDString = 6E5566DC2B11EAEC0032CD09;
			remoteInfo = User;
		};
/* End PBXContainerItemProxy section */

/* Begin PBXFileReference section */
		6E1E95F62B150795007CA401 /* ChangePassword.swift */ = {isa = PBXFileReference; lastKnownFileType = sourcecode.swift; path = ChangePassword.swift; sourceTree = "<group>"; };
		6E44C5002B17289F0081E8E5 /* CameraView.swift */ = {isa = PBXFileReference; lastKnownFileType = sourcecode.swift; path = CameraView.swift; sourceTree = "<group>"; };
		6E44C5022B1728C80081E8E5 /* FavouritesView.swift */ = {isa = PBXFileReference; lastKnownFileType = sourcecode.swift; path = FavouritesView.swift; sourceTree = "<group>"; };
		6E44C5052B174F7B0081E8E5 /* empty.swift */ = {isa = PBXFileReference; lastKnownFileType = sourcecode.swift; path = empty.swift; sourceTree = "<group>"; };
		6E5566DD2B11EAEC0032CD09 /* Ecoshop.app */ = {isa = PBXFileReference; explicitFileType = wrapper.application; includeInIndex = 0; path = Ecoshop.app; sourceTree = BUILT_PRODUCTS_DIR; };
		6E5566E02B11EAEC0032CD09 /* UserApp.swift */ = {isa = PBXFileReference; lastKnownFileType = sourcecode.swift; path = UserApp.swift; sourceTree = "<group>"; };
		6E5566E22B11EAEC0032CD09 /* ContentView.swift */ = {isa = PBXFileReference; lastKnownFileType = sourcecode.swift; path = ContentView.swift; sourceTree = "<group>"; };
		6E5566E42B11EAEE0032CD09 /* Assets.xcassets */ = {isa = PBXFileReference; lastKnownFileType = folder.assetcatalog; path = Assets.xcassets; sourceTree = "<group>"; };
		6E5566E72B11EAEE0032CD09 /* Preview Assets.xcassets */ = {isa = PBXFileReference; lastKnownFileType = folder.assetcatalog; path = "Preview Assets.xcassets"; sourceTree = "<group>"; };
		6E5566E92B11EAEE0032CD09 /* Persistence.swift */ = {isa = PBXFileReference; lastKnownFileType = sourcecode.swift; path = Persistence.swift; sourceTree = "<group>"; };
		6E5566EC2B11EAEE0032CD09 /* User.xcdatamodel */ = {isa = PBXFileReference; lastKnownFileType = wrapper.xcdatamodel; path = User.xcdatamodel; sourceTree = "<group>"; };
		6E5566EE2B11EAEE0032CD09 /* Info.plist */ = {isa = PBXFileReference; lastKnownFileType = text.plist.xml; path = Info.plist; sourceTree = "<group>"; };
		6E5566F32B11EAEE0032CD09 /* EcoshopTests.xctest */ = {isa = PBXFileReference; explicitFileType = wrapper.cfbundle; includeInIndex = 0; path = EcoshopTests.xctest; sourceTree = BUILT_PRODUCTS_DIR; };
		6E5566F72B11EAEE0032CD09 /* UserTests.swift */ = {isa = PBXFileReference; lastKnownFileType = sourcecode.swift; path = UserTests.swift; sourceTree = "<group>"; };
		6E5566FD2B11EAEE0032CD09 /* EcoshopUITests.xctest */ = {isa = PBXFileReference; explicitFileType = wrapper.cfbundle; includeInIndex = 0; path = EcoshopUITests.xctest; sourceTree = BUILT_PRODUCTS_DIR; };
		6E5567012B11EAEE0032CD09 /* UserUITests.swift */ = {isa = PBXFileReference; lastKnownFileType = sourcecode.swift; path = UserUITests.swift; sourceTree = "<group>"; };
		6E5567032B11EAEE0032CD09 /* UserUITestsLaunchTests.swift */ = {isa = PBXFileReference; lastKnownFileType = sourcecode.swift; path = UserUITestsLaunchTests.swift; sourceTree = "<group>"; };
		6E55674C2B11F26C0032CD09 /* Login.swift */ = {isa = PBXFileReference; lastKnownFileType = sourcecode.swift; path = Login.swift; sourceTree = "<group>"; };
		6E55674F2B11F5A20032CD09 /* ViewExtensions.swift */ = {isa = PBXFileReference; lastKnownFileType = sourcecode.swift; path = ViewExtensions.swift; sourceTree = "<group>"; };
		6E5567512B11FA990032CD09 /* CustomTF.swift */ = {isa = PBXFileReference; lastKnownFileType = sourcecode.swift; path = CustomTF.swift; sourceTree = "<group>"; };
		6E5567532B1207D40032CD09 /* GradiantButton.swift */ = {isa = PBXFileReference; lastKnownFileType = sourcecode.swift; path = GradiantButton.swift; sourceTree = "<group>"; };
		6E5567552B121CE60032CD09 /* Signup.swift */ = {isa = PBXFileReference; lastKnownFileType = sourcecode.swift; path = Signup.swift; sourceTree = "<group>"; };
		6E5567572B1223B70032CD09 /* ForgotPassword.swift */ = {isa = PBXFileReference; lastKnownFileType = sourcecode.swift; path = ForgotPassword.swift; sourceTree = "<group>"; };
		6E5567592B122E450032CD09 /* PasswordResetView.swift */ = {isa = PBXFileReference; lastKnownFileType = sourcecode.swift; path = PasswordResetView.swift; sourceTree = "<group>"; };
		6E55675B2B12310D0032CD09 /* OTPView.swift */ = {isa = PBXFileReference; lastKnownFileType = sourcecode.swift; path = OTPView.swift; sourceTree = "<group>"; };
		6E55679F2B1257F60032CD09 /* OTPVerificationView.swift */ = {isa = PBXFileReference; fileEncoding = 4; lastKnownFileType = sourcecode.swift; path = OTPVerificationView.swift; sourceTree = "<group>"; };
		6E5567A12B133BB20032CD09 /* HomePage.swift */ = {isa = PBXFileReference; lastKnownFileType = sourcecode.swift; path = HomePage.swift; sourceTree = "<group>"; };
		6E5567A62B13409A0032CD09 /* CustomTabBar.swift */ = {isa = PBXFileReference; lastKnownFileType = sourcecode.swift; path = CustomTabBar.swift; sourceTree = "<group>"; };
		6E5567A82B1348970032CD09 /* TabCurve.swift */ = {isa = PBXFileReference; lastKnownFileType = sourcecode.swift; path = TabCurve.swift; sourceTree = "<group>"; };
		6E5567AA2B13656A0032CD09 /* ProfileView.swift */ = {isa = PBXFileReference; lastKnownFileType = sourcecode.swift; path = ProfileView.swift; sourceTree = "<group>"; };
		6E5567AC2B1372AA0032CD09 /* HouseView.swift */ = {isa = PBXFileReference; lastKnownFileType = sourcecode.swift; path = HouseView.swift; sourceTree = "<group>"; };
		6E5567AE2B137F3A0032CD09 /* SettingsRowView.swift */ = {isa = PBXFileReference; lastKnownFileType = sourcecode.swift; path = SettingsRowView.swift; sourceTree = "<group>"; };
		6E5567B12B13AF6B0032CD09 /* User.swift */ = {isa = PBXFileReference; lastKnownFileType = sourcecode.swift; path = User.swift; sourceTree = "<group>"; };
		6E5567B42B13B2080032CD09 /* AuthService.swift */ = {isa = PBXFileReference; lastKnownFileType = sourcecode.swift; path = AuthService.swift; sourceTree = "<group>"; };
		6E5567B62B13D4260032CD09 /* LoginResponse.swift */ = {isa = PBXFileReference; lastKnownFileType = sourcecode.swift; path = LoginResponse.swift; sourceTree = "<group>"; };
		9EB1A9DD2B14ED1F00159AC6 /* UserDetails.swift */ = {isa = PBXFileReference; lastKnownFileType = sourcecode.swift; path = UserDetails.swift; sourceTree = "<group>"; };
		9EB1A9DF2B14F3D400159AC6 /* EditProfile.swift */ = {isa = PBXFileReference; lastKnownFileType = sourcecode.swift; path = EditProfile.swift; sourceTree = "<group>"; };
/* End PBXFileReference section */

/* Begin PBXFrameworksBuildPhase section */
		6E5566DA2B11EAEC0032CD09 /* Frameworks */ = {
			isa = PBXFrameworksBuildPhase;
			buildActionMask = 2147483647;
			files = (
			);
			runOnlyForDeploymentPostprocessing = 0;
		};
		6E5566F02B11EAEE0032CD09 /* Frameworks */ = {
			isa = PBXFrameworksBuildPhase;
			buildActionMask = 2147483647;
			files = (
			);
			runOnlyForDeploymentPostprocessing = 0;
		};
		6E5566FA2B11EAEE0032CD09 /* Frameworks */ = {
			isa = PBXFrameworksBuildPhase;
			buildActionMask = 2147483647;
			files = (
			);
			runOnlyForDeploymentPostprocessing = 0;
		};
/* End PBXFrameworksBuildPhase section */

/* Begin PBXGroup section */
		6E44C4FD2B1726000081E8E5 /* UserView */ = {
			isa = PBXGroup;
			children = (
				6E55679F2B1257F60032CD09 /* OTPVerificationView.swift */,
				6E55674C2B11F26C0032CD09 /* Login.swift */,
				6E5567512B11FA990032CD09 /* CustomTF.swift */,
				6E5567532B1207D40032CD09 /* GradiantButton.swift */,
				6E5567552B121CE60032CD09 /* Signup.swift */,
				6E5567572B1223B70032CD09 /* ForgotPassword.swift */,
				6E5567592B122E450032CD09 /* PasswordResetView.swift */,
				6E55675B2B12310D0032CD09 /* OTPView.swift */,
				6E5567A12B133BB20032CD09 /* HomePage.swift */,
				6E5567A62B13409A0032CD09 /* CustomTabBar.swift */,
				6E5567A82B1348970032CD09 /* TabCurve.swift */,
				6E5567AA2B13656A0032CD09 /* ProfileView.swift */,
				9EB1A9DF2B14F3D400159AC6 /* EditProfile.swift */,
				6E1E95F62B150795007CA401 /* ChangePassword.swift */,
			);
			path = UserView;
			sourceTree = "<group>";
		};
		6E44C4FE2B1726290081E8E5 /* UserModels */ = {
			isa = PBXGroup;
			children = (
				6E5567B12B13AF6B0032CD09 /* User.swift */,
				9EB1A9DD2B14ED1F00159AC6 /* UserDetails.swift */,
			);
			path = UserModels;
			sourceTree = "<group>";
		};
		6E44C4FF2B17263D0081E8E5 /* UserService */ = {
			isa = PBXGroup;
			children = (
				6E5567B42B13B2080032CD09 /* AuthService.swift */,
				6E5567B62B13D4260032CD09 /* LoginResponse.swift */,
			);
			path = UserService;
			sourceTree = "<group>";
		};
		6E44C5042B174F650081E8E5 /* ViewModel */ = {
			isa = PBXGroup;
			children = (
				6E44C5052B174F7B0081E8E5 /* empty.swift */,
			);
			path = ViewModel;
			sourceTree = "<group>";
		};
		6E5566D42B11EAEC0032CD09 = {
			isa = PBXGroup;
			children = (
				6E5566E02B11EAEC0032CD09 /* UserApp.swift */,
				6E5566DF2B11EAEC0032CD09 /* User */,
				6E5566F62B11EAEE0032CD09 /* UserTests */,
				6E5567002B11EAEE0032CD09 /* UserUITests */,
				6E5566DE2B11EAEC0032CD09 /* Products */,
			);
			sourceTree = "<group>";
		};
		6E5566DE2B11EAEC0032CD09 /* Products */ = {
			isa = PBXGroup;
			children = (
				6E5566DD2B11EAEC0032CD09 /* Ecoshop.app */,
				6E5566F32B11EAEE0032CD09 /* EcoshopTests.xctest */,
				6E5566FD2B11EAEE0032CD09 /* EcoshopUITests.xctest */,
			);
			name = Products;
			sourceTree = "<group>";
		};
		6E5566DF2B11EAEC0032CD09 /* User */ = {
			isa = PBXGroup;
			children = (
				6E44C5042B174F650081E8E5 /* ViewModel */,
				6E5567B32B13B1C40032CD09 /* Service */,
				6E5567B02B13AE7F0032CD09 /* models */,
				6E55674E2B11F5750032CD09 /* Helpers */,
				6E55674B2B11F1AE0032CD09 /* View */,
				6E5566E22B11EAEC0032CD09 /* ContentView.swift */,
				6E5566E42B11EAEE0032CD09 /* Assets.xcassets */,
				6E5566E92B11EAEE0032CD09 /* Persistence.swift */,
				6E5566EE2B11EAEE0032CD09 /* Info.plist */,
				6E5566EB2B11EAEE0032CD09 /* User.xcdatamodeld */,
				6E5566E62B11EAEE0032CD09 /* Preview Content */,
			);
			path = User;
			sourceTree = "<group>";
		};
		6E5566E62B11EAEE0032CD09 /* Preview Content */ = {
			isa = PBXGroup;
			children = (
				6E5566E72B11EAEE0032CD09 /* Preview Assets.xcassets */,
			);
			path = "Preview Content";
			sourceTree = "<group>";
		};
		6E5566F62B11EAEE0032CD09 /* UserTests */ = {
			isa = PBXGroup;
			children = (
				6E5566F72B11EAEE0032CD09 /* UserTests.swift */,
			);
			path = UserTests;
			sourceTree = "<group>";
		};
		6E5567002B11EAEE0032CD09 /* UserUITests */ = {
			isa = PBXGroup;
			children = (
				6E5567012B11EAEE0032CD09 /* UserUITests.swift */,
				6E5567032B11EAEE0032CD09 /* UserUITestsLaunchTests.swift */,
			);
			path = UserUITests;
			sourceTree = "<group>";
		};
		6E55674B2B11F1AE0032CD09 /* View */ = {
			isa = PBXGroup;
			children = (
				6E44C5022B1728C80081E8E5 /* FavouritesView.swift */,
				6E44C5002B17289F0081E8E5 /* CameraView.swift */,
				6E5567AC2B1372AA0032CD09 /* HouseView.swift */,
				6E44C4FD2B1726000081E8E5 /* UserView */,
			);
			path = View;
			sourceTree = "<group>";
		};
		6E55674E2B11F5750032CD09 /* Helpers */ = {
			isa = PBXGroup;
			children = (
				6E55674F2B11F5A20032CD09 /* ViewExtensions.swift */,
				6E5567AE2B137F3A0032CD09 /* SettingsRowView.swift */,
			);
			path = Helpers;
			sourceTree = "<group>";
		};
		6E5567B02B13AE7F0032CD09 /* models */ = {
			isa = PBXGroup;
			children = (
				6E44C4FE2B1726290081E8E5 /* UserModels */,
			);
			path = models;
			sourceTree = "<group>";
		};
		6E5567B32B13B1C40032CD09 /* Service */ = {
			isa = PBXGroup;
			children = (
				6E44C4FF2B17263D0081E8E5 /* UserService */,
			);
			path = Service;
			sourceTree = "<group>";
		};
/* End PBXGroup section */

/* Begin PBXNativeTarget section */
		6E5566DC2B11EAEC0032CD09 /* Ecoshop */ = {
			isa = PBXNativeTarget;
			buildConfigurationList = 6E5567072B11EAEE0032CD09 /* Build configuration list for PBXNativeTarget "Ecoshop" */;
			buildPhases = (
				6E5566D92B11EAEC0032CD09 /* Sources */,
				6E5566DA2B11EAEC0032CD09 /* Frameworks */,
				6E5566DB2B11EAEC0032CD09 /* Resources */,
			);
			buildRules = (
			);
			dependencies = (
			);
			name = Ecoshop;
			productName = User;
			productReference = 6E5566DD2B11EAEC0032CD09 /* Ecoshop.app */;
			productType = "com.apple.product-type.application";
		};
		6E5566F22B11EAEE0032CD09 /* EcoshopTests */ = {
			isa = PBXNativeTarget;
			buildConfigurationList = 6E55670A2B11EAEE0032CD09 /* Build configuration list for PBXNativeTarget "EcoshopTests" */;
			buildPhases = (
				6E5566EF2B11EAEE0032CD09 /* Sources */,
				6E5566F02B11EAEE0032CD09 /* Frameworks */,
				6E5566F12B11EAEE0032CD09 /* Resources */,
			);
			buildRules = (
			);
			dependencies = (
				6E5566F52B11EAEE0032CD09 /* PBXTargetDependency */,
			);
			name = EcoshopTests;
			productName = UserTests;
			productReference = 6E5566F32B11EAEE0032CD09 /* EcoshopTests.xctest */;
			productType = "com.apple.product-type.bundle.unit-test";
		};
		6E5566FC2B11EAEE0032CD09 /* EcoshopUITests */ = {
			isa = PBXNativeTarget;
			buildConfigurationList = 6E55670D2B11EAEE0032CD09 /* Build configuration list for PBXNativeTarget "EcoshopUITests" */;
			buildPhases = (
				6E5566F92B11EAEE0032CD09 /* Sources */,
				6E5566FA2B11EAEE0032CD09 /* Frameworks */,
				6E5566FB2B11EAEE0032CD09 /* Resources */,
			);
			buildRules = (
			);
			dependencies = (
				6E5566FF2B11EAEE0032CD09 /* PBXTargetDependency */,
			);
			name = EcoshopUITests;
			productName = UserUITests;
			productReference = 6E5566FD2B11EAEE0032CD09 /* EcoshopUITests.xctest */;
			productType = "com.apple.product-type.bundle.ui-testing";
		};
/* End PBXNativeTarget section */

/* Begin PBXProject section */
		6E5566D52B11EAEC0032CD09 /* Project object */ = {
			isa = PBXProject;
			attributes = {
				BuildIndependentTargetsInParallel = 1;
				LastSwiftUpdateCheck = 1410;
				LastUpgradeCheck = 1410;
				TargetAttributes = {
					6E5566DC2B11EAEC0032CD09 = {
						CreatedOnToolsVersion = 14.1;
					};
					6E5566F22B11EAEE0032CD09 = {
						CreatedOnToolsVersion = 14.1;
						TestTargetID = 6E5566DC2B11EAEC0032CD09;
					};
					6E5566FC2B11EAEE0032CD09 = {
						CreatedOnToolsVersion = 14.1;
						TestTargetID = 6E5566DC2B11EAEC0032CD09;
					};
				};
			};
			buildConfigurationList = 6E5566D82B11EAEC0032CD09 /* Build configuration list for PBXProject "Ecoshop" */;
			compatibilityVersion = "Xcode 14.0";
			developmentRegion = en;
			hasScannedForEncodings = 0;
			knownRegions = (
				en,
				Base,
			);
			mainGroup = 6E5566D42B11EAEC0032CD09;
			productRefGroup = 6E5566DE2B11EAEC0032CD09 /* Products */;
			projectDirPath = "";
			projectRoot = "";
			targets = (
				6E5566DC2B11EAEC0032CD09 /* Ecoshop */,
				6E5566F22B11EAEE0032CD09 /* EcoshopTests */,
				6E5566FC2B11EAEE0032CD09 /* EcoshopUITests */,
			);
		};
/* End PBXProject section */

/* Begin PBXResourcesBuildPhase section */
		6E5566DB2B11EAEC0032CD09 /* Resources */ = {
			isa = PBXResourcesBuildPhase;
			buildActionMask = 2147483647;
			files = (
				6E5566E82B11EAEE0032CD09 /* Preview Assets.xcassets in Resources */,
				6E5566E52B11EAEE0032CD09 /* Assets.xcassets in Resources */,
			);
			runOnlyForDeploymentPostprocessing = 0;
		};
		6E5566F12B11EAEE0032CD09 /* Resources */ = {
			isa = PBXResourcesBuildPhase;
			buildActionMask = 2147483647;
			files = (
			);
			runOnlyForDeploymentPostprocessing = 0;
		};
		6E5566FB2B11EAEE0032CD09 /* Resources */ = {
			isa = PBXResourcesBuildPhase;
			buildActionMask = 2147483647;
			files = (
			);
			runOnlyForDeploymentPostprocessing = 0;
		};
/* End PBXResourcesBuildPhase section */

/* Begin PBXSourcesBuildPhase section */
		6E5566D92B11EAEC0032CD09 /* Sources */ = {
			isa = PBXSourcesBuildPhase;
			buildActionMask = 2147483647;
			files = (
				6E5566ED2B11EAEE0032CD09 /* User.xcdatamodeld in Sources */,
				6E44C5062B174F7B0081E8E5 /* empty.swift in Sources */,
				6E5567A72B13409A0032CD09 /* CustomTabBar.swift in Sources */,
				6E5567522B11FA990032CD09 /* CustomTF.swift in Sources */,
				6E5567AD2B1372AA0032CD09 /* HouseView.swift in Sources */,
				6E55675C2B12310D0032CD09 /* OTPView.swift in Sources */,
				6E55674D2B11F26C0032CD09 /* Login.swift in Sources */,
				6E5567B52B13B2080032CD09 /* AuthService.swift in Sources */,
				6E1E95F72B150795007CA401 /* ChangePassword.swift in Sources */,
				6E5567A92B1348970032CD09 /* TabCurve.swift in Sources */,
				6E5566EA2B11EAEE0032CD09 /* Persistence.swift in Sources */,
				6E5567B22B13AF6B0032CD09 /* User.swift in Sources */,
				6E5567A22B133BB20032CD09 /* HomePage.swift in Sources */,
				9EB1A9E02B14F3D400159AC6 /* EditProfile.swift in Sources */,
				6E5566E32B11EAEC0032CD09 /* ContentView.swift in Sources */,
				9EB1A9DE2B14ED1F00159AC6 /* UserDetails.swift in Sources */,
				6E44C5012B17289F0081E8E5 /* CameraView.swift in Sources */,
				6E5567AB2B13656A0032CD09 /* ProfileView.swift in Sources */,
				6E5567562B121CE60032CD09 /* Signup.swift in Sources */,
				6E5567542B1207D40032CD09 /* GradiantButton.swift in Sources */,
				6E44C5032B1728C80081E8E5 /* FavouritesView.swift in Sources */,
				6E5567502B11F5A20032CD09 /* ViewExtensions.swift in Sources */,
				6E5566E12B11EAEC0032CD09 /* UserApp.swift in Sources */,
				6E5567A02B1257F60032CD09 /* OTPVerificationView.swift in Sources */,
				6E5567AF2B137F3A0032CD09 /* SettingsRowView.swift in Sources */,
				6E5567582B1223B70032CD09 /* ForgotPassword.swift in Sources */,
				6E5567B72B13D4260032CD09 /* LoginResponse.swift in Sources */,
				6E55675A2B122E450032CD09 /* PasswordResetView.swift in Sources */,
			);
			runOnlyForDeploymentPostprocessing = 0;
		};
		6E5566EF2B11EAEE0032CD09 /* Sources */ = {
			isa = PBXSourcesBuildPhase;
			buildActionMask = 2147483647;
			files = (
				6E5566F82B11EAEE0032CD09 /* UserTests.swift in Sources */,
			);
			runOnlyForDeploymentPostprocessing = 0;
		};
		6E5566F92B11EAEE0032CD09 /* Sources */ = {
			isa = PBXSourcesBuildPhase;
			buildActionMask = 2147483647;
			files = (
				6E5567022B11EAEE0032CD09 /* UserUITests.swift in Sources */,
				6E5567042B11EAEE0032CD09 /* UserUITestsLaunchTests.swift in Sources */,
			);
			runOnlyForDeploymentPostprocessing = 0;
		};
/* End PBXSourcesBuildPhase section */

/* Begin PBXTargetDependency section */
		6E5566F52B11EAEE0032CD09 /* PBXTargetDependency */ = {
			isa = PBXTargetDependency;
			target = 6E5566DC2B11EAEC0032CD09 /* Ecoshop */;
			targetProxy = 6E5566F42B11EAEE0032CD09 /* PBXContainerItemProxy */;
		};
		6E5566FF2B11EAEE0032CD09 /* PBXTargetDependency */ = {
			isa = PBXTargetDependency;
			target = 6E5566DC2B11EAEC0032CD09 /* Ecoshop */;
			targetProxy = 6E5566FE2B11EAEE0032CD09 /* PBXContainerItemProxy */;
		};
/* End PBXTargetDependency section */

/* Begin XCBuildConfiguration section */
		6E5567052B11EAEE0032CD09 /* Debug */ = {
			isa = XCBuildConfiguration;
			buildSettings = {
				ALWAYS_SEARCH_USER_PATHS = NO;
				CLANG_ANALYZER_NONNULL = YES;
				CLANG_ANALYZER_NUMBER_OBJECT_CONVERSION = YES_AGGRESSIVE;
				CLANG_CXX_LANGUAGE_STANDARD = "gnu++20";
				CLANG_ENABLE_MODULES = YES;
				CLANG_ENABLE_OBJC_ARC = YES;
				CLANG_ENABLE_OBJC_WEAK = YES;
				CLANG_WARN_BLOCK_CAPTURE_AUTORELEASING = YES;
				CLANG_WARN_BOOL_CONVERSION = YES;
				CLANG_WARN_COMMA = YES;
				CLANG_WARN_CONSTANT_CONVERSION = YES;
				CLANG_WARN_DEPRECATED_OBJC_IMPLEMENTATIONS = YES;
				CLANG_WARN_DIRECT_OBJC_ISA_USAGE = YES_ERROR;
				CLANG_WARN_DOCUMENTATION_COMMENTS = YES;
				CLANG_WARN_EMPTY_BODY = YES;
				CLANG_WARN_ENUM_CONVERSION = YES;
				CLANG_WARN_INFINITE_RECURSION = YES;
				CLANG_WARN_INT_CONVERSION = YES;
				CLANG_WARN_NON_LITERAL_NULL_CONVERSION = YES;
				CLANG_WARN_OBJC_IMPLICIT_RETAIN_SELF = YES;
				CLANG_WARN_OBJC_LITERAL_CONVERSION = YES;
				CLANG_WARN_OBJC_ROOT_CLASS = YES_ERROR;
				CLANG_WARN_QUOTED_INCLUDE_IN_FRAMEWORK_HEADER = YES;
				CLANG_WARN_RANGE_LOOP_ANALYSIS = YES;
				CLANG_WARN_STRICT_PROTOTYPES = YES;
				CLANG_WARN_SUSPICIOUS_MOVE = YES;
				CLANG_WARN_UNGUARDED_AVAILABILITY = YES_AGGRESSIVE;
				CLANG_WARN_UNREACHABLE_CODE = YES;
				CLANG_WARN__DUPLICATE_METHOD_MATCH = YES;
				COPY_PHASE_STRIP = NO;
				DEBUG_INFORMATION_FORMAT = dwarf;
				ENABLE_STRICT_OBJC_MSGSEND = YES;
				ENABLE_TESTABILITY = YES;
				GCC_C_LANGUAGE_STANDARD = gnu11;
				GCC_DYNAMIC_NO_PIC = NO;
				GCC_NO_COMMON_BLOCKS = YES;
				GCC_OPTIMIZATION_LEVEL = 0;
				GCC_PREPROCESSOR_DEFINITIONS = (
					"DEBUG=1",
					"$(inherited)",
				);
				GCC_WARN_64_TO_32_BIT_CONVERSION = YES;
				GCC_WARN_ABOUT_RETURN_TYPE = YES_ERROR;
				GCC_WARN_UNDECLARED_SELECTOR = YES;
				GCC_WARN_UNINITIALIZED_AUTOS = YES_AGGRESSIVE;
				GCC_WARN_UNUSED_FUNCTION = YES;
				GCC_WARN_UNUSED_VARIABLE = YES;
				IPHONEOS_DEPLOYMENT_TARGET = 16.1;
				MTL_ENABLE_DEBUG_INFO = INCLUDE_SOURCE;
				MTL_FAST_MATH = YES;
				ONLY_ACTIVE_ARCH = YES;
				SDKROOT = iphoneos;
				SWIFT_ACTIVE_COMPILATION_CONDITIONS = DEBUG;
				SWIFT_OPTIMIZATION_LEVEL = "-Onone";
			};
			name = Debug;
		};
		6E5567062B11EAEE0032CD09 /* Release */ = {
			isa = XCBuildConfiguration;
			buildSettings = {
				ALWAYS_SEARCH_USER_PATHS = NO;
				CLANG_ANALYZER_NONNULL = YES;
				CLANG_ANALYZER_NUMBER_OBJECT_CONVERSION = YES_AGGRESSIVE;
				CLANG_CXX_LANGUAGE_STANDARD = "gnu++20";
				CLANG_ENABLE_MODULES = YES;
				CLANG_ENABLE_OBJC_ARC = YES;
				CLANG_ENABLE_OBJC_WEAK = YES;
				CLANG_WARN_BLOCK_CAPTURE_AUTORELEASING = YES;
				CLANG_WARN_BOOL_CONVERSION = YES;
				CLANG_WARN_COMMA = YES;
				CLANG_WARN_CONSTANT_CONVERSION = YES;
				CLANG_WARN_DEPRECATED_OBJC_IMPLEMENTATIONS = YES;
				CLANG_WARN_DIRECT_OBJC_ISA_USAGE = YES_ERROR;
				CLANG_WARN_DOCUMENTATION_COMMENTS = YES;
				CLANG_WARN_EMPTY_BODY = YES;
				CLANG_WARN_ENUM_CONVERSION = YES;
				CLANG_WARN_INFINITE_RECURSION = YES;
				CLANG_WARN_INT_CONVERSION = YES;
				CLANG_WARN_NON_LITERAL_NULL_CONVERSION = YES;
				CLANG_WARN_OBJC_IMPLICIT_RETAIN_SELF = YES;
				CLANG_WARN_OBJC_LITERAL_CONVERSION = YES;
				CLANG_WARN_OBJC_ROOT_CLASS = YES_ERROR;
				CLANG_WARN_QUOTED_INCLUDE_IN_FRAMEWORK_HEADER = YES;
				CLANG_WARN_RANGE_LOOP_ANALYSIS = YES;
				CLANG_WARN_STRICT_PROTOTYPES = YES;
				CLANG_WARN_SUSPICIOUS_MOVE = YES;
				CLANG_WARN_UNGUARDED_AVAILABILITY = YES_AGGRESSIVE;
				CLANG_WARN_UNREACHABLE_CODE = YES;
				CLANG_WARN__DUPLICATE_METHOD_MATCH = YES;
				COPY_PHASE_STRIP = NO;
				DEBUG_INFORMATION_FORMAT = "dwarf-with-dsym";
				ENABLE_NS_ASSERTIONS = NO;
				ENABLE_STRICT_OBJC_MSGSEND = YES;
				GCC_C_LANGUAGE_STANDARD = gnu11;
				GCC_NO_COMMON_BLOCKS = YES;
				GCC_WARN_64_TO_32_BIT_CONVERSION = YES;
				GCC_WARN_ABOUT_RETURN_TYPE = YES_ERROR;
				GCC_WARN_UNDECLARED_SELECTOR = YES;
				GCC_WARN_UNINITIALIZED_AUTOS = YES_AGGRESSIVE;
				GCC_WARN_UNUSED_FUNCTION = YES;
				GCC_WARN_UNUSED_VARIABLE = YES;
				IPHONEOS_DEPLOYMENT_TARGET = 16.1;
				MTL_ENABLE_DEBUG_INFO = NO;
				MTL_FAST_MATH = YES;
				SDKROOT = iphoneos;
				SWIFT_COMPILATION_MODE = wholemodule;
				SWIFT_OPTIMIZATION_LEVEL = "-O";
				VALIDATE_PRODUCT = YES;
			};
			name = Release;
		};
		6E5567082B11EAEE0032CD09 /* Debug */ = {
			isa = XCBuildConfiguration;
			buildSettings = {
				ASSETCATALOG_COMPILER_APPICON_NAME = AppIcon;
				ASSETCATALOG_COMPILER_GLOBAL_ACCENT_COLOR_NAME = AccentColor;
				CODE_SIGN_STYLE = Automatic;
				CURRENT_PROJECT_VERSION = 1;
				DEVELOPMENT_ASSET_PATHS = "\"User/Preview Content\"";
				ENABLE_PREVIEWS = YES;
				GENERATE_INFOPLIST_FILE = YES;
				INFOPLIST_KEY_UIApplicationSceneManifest_Generation = YES;
				INFOPLIST_KEY_UIApplicationSupportsIndirectInputEvents = YES;
				INFOPLIST_KEY_UILaunchScreen_Generation = YES;
				INFOPLIST_KEY_UISupportedInterfaceOrientations_iPad = "UIInterfaceOrientationPortrait UIInterfaceOrientationPortraitUpsideDown UIInterfaceOrientationLandscapeLeft UIInterfaceOrientationLandscapeRight";
				INFOPLIST_KEY_UISupportedInterfaceOrientations_iPhone = "UIInterfaceOrientationPortrait UIInterfaceOrientationLandscapeLeft UIInterfaceOrientationLandscapeRight";
				LD_RUNPATH_SEARCH_PATHS = (
					"$(inherited)",
					"@executable_path/Frameworks",
				);
				MARKETING_VERSION = 1.0;
				PRODUCT_BUNDLE_IDENTIFIER = esprit.tn.User;
				PRODUCT_NAME = "$(TARGET_NAME)";
				SWIFT_EMIT_LOC_STRINGS = YES;
				SWIFT_VERSION = 5.0;
				TARGETED_DEVICE_FAMILY = "1,2";
			};
			name = Debug;
		};
		6E5567092B11EAEE0032CD09 /* Release */ = {
			isa = XCBuildConfiguration;
			buildSettings = {
				ASSETCATALOG_COMPILER_APPICON_NAME = AppIcon;
				ASSETCATALOG_COMPILER_GLOBAL_ACCENT_COLOR_NAME = AccentColor;
				CODE_SIGN_STYLE = Automatic;
				CURRENT_PROJECT_VERSION = 1;
				DEVELOPMENT_ASSET_PATHS = "\"User/Preview Content\"";
				ENABLE_PREVIEWS = YES;
				GENERATE_INFOPLIST_FILE = YES;
				INFOPLIST_KEY_UIApplicationSceneManifest_Generation = YES;
				INFOPLIST_KEY_UIApplicationSupportsIndirectInputEvents = YES;
				INFOPLIST_KEY_UILaunchScreen_Generation = YES;
				INFOPLIST_KEY_UISupportedInterfaceOrientations_iPad = "UIInterfaceOrientationPortrait UIInterfaceOrientationPortraitUpsideDown UIInterfaceOrientationLandscapeLeft UIInterfaceOrientationLandscapeRight";
				INFOPLIST_KEY_UISupportedInterfaceOrientations_iPhone = "UIInterfaceOrientationPortrait UIInterfaceOrientationLandscapeLeft UIInterfaceOrientationLandscapeRight";
				LD_RUNPATH_SEARCH_PATHS = (
					"$(inherited)",
					"@executable_path/Frameworks",
				);
				MARKETING_VERSION = 1.0;
				PRODUCT_BUNDLE_IDENTIFIER = esprit.tn.User;
				PRODUCT_NAME = "$(TARGET_NAME)";
				SWIFT_EMIT_LOC_STRINGS = YES;
				SWIFT_VERSION = 5.0;
				TARGETED_DEVICE_FAMILY = "1,2";
			};
			name = Release;
		};
		6E55670B2B11EAEE0032CD09 /* Debug */ = {
			isa = XCBuildConfiguration;
			buildSettings = {
				ALWAYS_EMBED_SWIFT_STANDARD_LIBRARIES = YES;
				BUNDLE_LOADER = "$(TEST_HOST)";
				CODE_SIGN_STYLE = Automatic;
				CURRENT_PROJECT_VERSION = 1;
				GENERATE_INFOPLIST_FILE = YES;
				IPHONEOS_DEPLOYMENT_TARGET = 16.1;
				MARKETING_VERSION = 1.0;
				PRODUCT_BUNDLE_IDENTIFIER = esprit.tn.UserTests;
				PRODUCT_NAME = "$(TARGET_NAME)";
				SWIFT_EMIT_LOC_STRINGS = NO;
				SWIFT_VERSION = 5.0;
				TARGETED_DEVICE_FAMILY = "1,2";
				TEST_HOST = "$(BUILT_PRODUCTS_DIR)/Ecoshop.app/$(BUNDLE_EXECUTABLE_FOLDER_PATH)/Ecoshop";
			};
			name = Debug;
		};
		6E55670C2B11EAEE0032CD09 /* Release */ = {
			isa = XCBuildConfiguration;
			buildSettings = {
				ALWAYS_EMBED_SWIFT_STANDARD_LIBRARIES = YES;
				BUNDLE_LOADER = "$(TEST_HOST)";
				CODE_SIGN_STYLE = Automatic;
				CURRENT_PROJECT_VERSION = 1;
				GENERATE_INFOPLIST_FILE = YES;
				IPHONEOS_DEPLOYMENT_TARGET = 16.1;
				MARKETING_VERSION = 1.0;
				PRODUCT_BUNDLE_IDENTIFIER = esprit.tn.UserTests;
				PRODUCT_NAME = "$(TARGET_NAME)";
				SWIFT_EMIT_LOC_STRINGS = NO;
				SWIFT_VERSION = 5.0;
				TARGETED_DEVICE_FAMILY = "1,2";
				TEST_HOST = "$(BUILT_PRODUCTS_DIR)/Ecoshop.app/$(BUNDLE_EXECUTABLE_FOLDER_PATH)/Ecoshop";
			};
			name = Release;
		};
		6E55670E2B11EAEE0032CD09 /* Debug */ = {
			isa = XCBuildConfiguration;
			buildSettings = {
				ALWAYS_EMBED_SWIFT_STANDARD_LIBRARIES = YES;
				CODE_SIGN_STYLE = Automatic;
				CURRENT_PROJECT_VERSION = 1;
				GENERATE_INFOPLIST_FILE = YES;
				MARKETING_VERSION = 1.0;
				PRODUCT_BUNDLE_IDENTIFIER = esprit.tn.UserUITests;
				PRODUCT_NAME = "$(TARGET_NAME)";
				SWIFT_EMIT_LOC_STRINGS = NO;
				SWIFT_VERSION = 5.0;
				TARGETED_DEVICE_FAMILY = "1,2";
				TEST_TARGET_NAME = User;
			};
			name = Debug;
		};
		6E55670F2B11EAEE0032CD09 /* Release */ = {
			isa = XCBuildConfiguration;
			buildSettings = {
				ALWAYS_EMBED_SWIFT_STANDARD_LIBRARIES = YES;
				CODE_SIGN_STYLE = Automatic;
				CURRENT_PROJECT_VERSION = 1;
				GENERATE_INFOPLIST_FILE = YES;
				MARKETING_VERSION = 1.0;
				PRODUCT_BUNDLE_IDENTIFIER = esprit.tn.UserUITests;
				PRODUCT_NAME = "$(TARGET_NAME)";
				SWIFT_EMIT_LOC_STRINGS = NO;
				SWIFT_VERSION = 5.0;
				TARGETED_DEVICE_FAMILY = "1,2";
				TEST_TARGET_NAME = User;
			};
			name = Release;
		};
/* End XCBuildConfiguration section */

/* Begin XCConfigurationList section */
		6E5566D82B11EAEC0032CD09 /* Build configuration list for PBXProject "Ecoshop" */ = {
			isa = XCConfigurationList;
			buildConfigurations = (
				6E5567052B11EAEE0032CD09 /* Debug */,
				6E5567062B11EAEE0032CD09 /* Release */,
			);
			defaultConfigurationIsVisible = 0;
			defaultConfigurationName = Release;
		};
		6E5567072B11EAEE0032CD09 /* Build configuration list for PBXNativeTarget "Ecoshop" */ = {
			isa = XCConfigurationList;
			buildConfigurations = (
				6E5567082B11EAEE0032CD09 /* Debug */,
				6E5567092B11EAEE0032CD09 /* Release */,
			);
			defaultConfigurationIsVisible = 0;
			defaultConfigurationName = Release;
		};
		6E55670A2B11EAEE0032CD09 /* Build configuration list for PBXNativeTarget "EcoshopTests" */ = {
			isa = XCConfigurationList;
			buildConfigurations = (
				6E55670B2B11EAEE0032CD09 /* Debug */,
				6E55670C2B11EAEE0032CD09 /* Release */,
			);
			defaultConfigurationIsVisible = 0;
			defaultConfigurationName = Release;
		};
		6E55670D2B11EAEE0032CD09 /* Build configuration list for PBXNativeTarget "EcoshopUITests" */ = {
			isa = XCConfigurationList;
			buildConfigurations = (
				6E55670E2B11EAEE0032CD09 /* Debug */,
				6E55670F2B11EAEE0032CD09 /* Release */,
			);
			defaultConfigurationIsVisible = 0;
			defaultConfigurationName = Release;
		};
/* End XCConfigurationList section */

/* Begin XCVersionGroup section */
		6E5566EB2B11EAEE0032CD09 /* User.xcdatamodeld */ = {
			isa = XCVersionGroup;
			children = (
				6E5566EC2B11EAEE0032CD09 /* User.xcdatamodel */,
			);
			currentVersion = 6E5566EC2B11EAEE0032CD09 /* User.xcdatamodel */;
			path = User.xcdatamodeld;
			sourceTree = "<group>";
			versionGroupType = wrapper.xcdatamodel;
		};
/* End XCVersionGroup section */
	};
	rootObject = 6E5566D52B11EAEC0032CD09 /* Project object */;
}
